{
  "name": "ngx-libm",
  "version": "0.0.1",
  "lockfileVersion": 3,
  "requires": true,
  "packages": {
    "": {
      "name": "ngx-libm",
      "version": "0.0.1",
      "dependencies": {
        "@angular/youtube-player": "^18.0.0",
        "tslib": "^2.3.0"
      },
      "peerDependencies": {
        "@angular/common": "^18.0.0",
        "@angular/core": "^18.0.0"
      }
    },
    "node_modules/@angular/common": {
      "version": "18.0.0",
      "resolved": "https://registry.npmjs.org/@angular/common/-/common-18.0.0.tgz",
      "integrity": "sha512-s43ZcOhXTUlkdOPMiMtr4Pz1qKIS8nClXhaahY0JBQZYGsOSn7NR42SoEeB8/ixktfY60s3SLhizXTKMAYtOTA==",
      "license": "MIT",
      "peer": true,
      "dependencies": {
        "tslib": "^2.3.0"
      },
      "engines": {
        "node": "^18.13.0 || >=20.9.0"
      },
      "peerDependencies": {
        "@angular/core": "18.0.0",
        "rxjs": "^6.5.3 || ^7.4.0"
      }
    },
    "node_modules/@angular/core": {
      "version": "18.0.0",
      "resolved": "https://registry.npmjs.org/@angular/core/-/core-18.0.0.tgz",
      "integrity": "sha512-tpR7HIY4MJuM9ETpG15IvBr1wsI8Cyec3ZxYFe/27FKHARvxDbqIrT9QevmC6lxg1NdfD990G2XphYML1EyJ8g==",
      "license": "MIT",
      "peer": true,
      "dependencies": {
        "tslib": "^2.3.0"
      },
      "engines": {
        "node": "^18.13.0 || >=20.9.0"
      },
      "peerDependencies": {
        "rxjs": "^6.5.3 || ^7.4.0",
        "zone.js": "~0.14.0"
      }
    },
    "node_modules/@angular/youtube-player": {
      "version": "18.0.0",
      "resolved": "https://registry.npmjs.org/@angular/youtube-player/-/youtube-player-18.0.0.tgz",
      "integrity": "sha512-W1PJufBdVW6zkJ1LYZm7JBtGNZJx2WfNxW7Mj/hbDS9NnpwKPpik2IpRvyHOIU65bqdF6YVzrghhiO+uCPiQTA==",
      "license": "MIT",
      "dependencies": {
        "@types/youtube": "^0.0.50",
        "tslib": "^2.3.0"
      },
      "peerDependencies": {
        "@angular/common": "^18.0.0 || ^19.0.0",
        "@angular/core": "^18.0.0 || ^19.0.0",
        "rxjs": "^6.5.3 || ^7.4.0"
      }
    },
    "node_modules/@types/youtube": {
      "version": "0.0.50",
      "resolved": "https://registry.npmjs.org/@types/youtube/-/youtube-0.0.50.tgz",
      "integrity": "sha512-d4GpH4uPYp9W07kc487tiq6V/EUHl18vZWFMbQoe4Sk9LXEWzFi/BMf9x7TI4m7/j7gU3KeX8H6M8aPBgykeLw==",
      "license": "MIT"
    },
    "node_modules/rxjs": {
      "version": "7.8.1",
      "resolved": "https://registry.npmjs.org/rxjs/-/rxjs-7.8.1.tgz",
      "integrity": "sha512-AA3TVj+0A2iuIoQkWEK/tqFjBq2j+6PO6Y0zJcvzLAFhEFIO3HL0vls9hWLncZbAAbK0mar7oZ4V079I/qPMxg==",
      "license": "Apache-2.0",
      "peer": true,
      "dependencies": {
        "tslib": "^2.1.0"
      }
    },
    "node_modules/tslib": {
      "version": "2.6.2",
      "resolved": "https://registry.npmjs.org/tslib/-/tslib-2.6.2.tgz",
      "integrity": "sha512-AEYxH93jGFPn/a2iVAwW87VuUIkR1FVUKB77NwMF7nBTDkDrrT/Hpt/IrCJ0QXhW27jTBDcf5ZY7w6RiqTMw2Q==",
      "license": "0BSD"
    },
    "node_modules/zone.js": {
      "version": "0.14.6",
      "resolved": "https://registry.npmjs.org/zone.js/-/zone.js-0.14.6.tgz",
      "integrity": "sha512-vyRNFqofdaHVdWAy7v3Bzmn84a1JHWSjpuTZROT/uYn8I3p2cmo7Ro9twFmYRQDPhiYOV7QLk0hhY4JJQVqS6Q==",
      "license": "MIT",
      "peer": true
    }
  }
}
